version = 1
requires-python = ">=3.12"

[[package]]
name = "learning-path"
version = "0.1.0"
source = { virtual = "." }
dependencies = [
    { name = "setuptools" },
]

[package.metadata]
requires-dist = [{ name = "setuptools", specifier = ">=75.8.2" }]

[[package]]
name = "setuptools"
version = "75.8.2"
source = { registry = "https://pypi.org/simple" }
sdist = { url = "https://files.pythonhosted.org/packages/d1/53/43d99d7687e8cdef5ab5f9ec5eaf2c0423c2b35133a2b7e7bc276fc32b21/setuptools-75.8.2.tar.gz", hash = "sha256:4880473a969e5f23f2a2be3646b2dfd84af9028716d398e46192f84bc36900d2", size = 1344083 }
wheels = [
    { url = "https://files.pythonhosted.org/packages/a9/38/7d7362e031bd6dc121e5081d8cb6aa6f6fedf2b67bf889962134c6da4705/setuptools-75.8.2-py3-none-any.whl", hash = "sha256:558e47c15f1811c1fa7adbd0096669bf76c1d3f433f58324df69f3f5ecac4e8f", size = 1229385 },
]
